
Microsoft Visual Studio Solution File, Format Version 12.00
# Visual Studio 15
VisualStudioVersion = 15.0.28307.168
MinimumVisualStudioVersion = 10.0.40219.1
Project("{FAE04EC0-301F-11D3-BF4B-00C04F79EFBC}") = "The Quest", "The Quest\The Quest.csproj", "{18A68951-C651-4847-8408-F08055619C07}"
EndProject
Global
	GlobalSection(SolutionConfigurationPlatforms) = preSolution
		Debug|Any CPU = Debug|Any CPU
		Release|Any CPU = Release|Any CPU
	EndGlobalSection
	GlobalSection(ProjectConfigurationPlatforms) = postSolution
		{18A68951-C651-4847-8408-F08055619C07}.Debug|Any CPU.ActiveCfg = Debug|Any CPU
		{18A68951-C651-4847-8408-F08055619C07}.Debug|Any CPU.Build.0 = Debug|Any CPU
		{18A68951-C651-4847-8408-F08055619C07}.Release|Any CPU.ActiveCfg = Release|Any CPU
		{18A68951-C651-4847-8408-F08055619C07}.Release|Any CPU.Build.0 = Release|Any CPU
	EndGlobalSection
	GlobalSection(SolutionProperties) = preSolution
		HideSolutionNode = FALSE
	EndGlobalSection
	GlobalSection(ExtensibilityGlobals) = postSolution
		SolutionGuid = {A948D7CB-F8C2-4525-A86E-EF1DB59BFB64}
	EndGlobalSection
EndGlobal
